lockfileVersion: '9.0'

settings:
  autoInstallPeers: true
  excludeLinksFromLockfile: false

importers:

  .:
    dependencies:
      particles.js:
        specifier: ^2.0.0
        version: 2.0.0

packages:

  particles.js@2.0.0:
    resolution: {integrity: sha512-8e0JIqkRbMMPlFBnF9f+92hX1s07jdkd3tqB8uHE9L+cwGGjIYjQM7QLgt0FQ5MZp6SFFYYDm/Y48pqK3ZvJOQ==}

snapshots:

  particles.js@2.0.0: {}
